version = 1
revision = 3
requires-python = ">=3.13"

[[package]]
name = "fiafcore"
version = "0.1.0"
source = { virtual = "." }
dependencies = [
    { name = "rdflib" },
]

[package.metadata]
requires-dist = [{ name = "rdflib", specifier = ">=7.1.4" }]

[[package]]
name = "pyparsing"
version = "3.2.3"
source = { registry = "https://pypi.org/simple" }
sdist = { url = "https://files.pythonhosted.org/packages/bb/22/f1129e69d94ffff626bdb5c835506b3a5b4f3d070f17ea295e12c2c6f60f/pyparsing-3.2.3.tar.gz", hash = "sha256:b9c13f1ab8b3b542f72e28f634bad4de758ab3ce4546e4301970ad6fa77c38be", size = 1088608, upload-time = "2025-03-25T05:01:28.114Z" }
wheels = [
    { url = "https://files.pythonhosted.org/packages/05/e7/df2285f3d08fee213f2d041540fa4fc9ca6c2d44cf36d3a035bf2a8d2bcc/pyparsing-3.2.3-py3-none-any.whl", hash = "sha256:a749938e02d6fd0b59b356ca504a24982314bb090c383e3cf201c95ef7e2bfcf", size = 111120, upload-time = "2025-03-25T05:01:24.908Z" },
]

[[package]]
name = "rdflib"
version = "7.1.4"
source = { registry = "https://pypi.org/simple" }
dependencies = [
    { name = "pyparsing" },
]
sdist = { url = "https://files.pythonhosted.org/packages/e8/7e/cb2d74466bd8495051ebe2d241b1cb1d4acf9740d481126aef19ef2697f5/rdflib-7.1.4.tar.gz", hash = "sha256:fed46e24f26a788e2ab8e445f7077f00edcf95abb73bcef4b86cefa8b62dd174", size = 4692745, upload-time = "2025-03-29T02:23:02.386Z" }
wheels = [
    { url = "https://files.pythonhosted.org/packages/f4/31/e9b6f04288dcd3fa60cb3179260d6dad81b92aef3063d679ac7d80a827ea/rdflib-7.1.4-py3-none-any.whl", hash = "sha256:72f4adb1990fa5241abd22ddaf36d7cafa5d91d9ff2ba13f3086d339b213d997", size = 565051, upload-time = "2025-03-29T02:22:44.987Z" },
]
